
Microsoft Visual Studio Solution File, Format Version 12.00
# Visual Studio Version 17
VisualStudioVersion = 17.5.33424.131
MinimumVisualStudioVersion = 10.0.40219.1
Project("{9A19103F-16F7-4668-BE54-9A1E7A4F7556}") = "MovieCatalogue", "MovieCatalogue\MovieCatalogue.csproj", "{1092659C-EA0C-443A-8D8C-35A51EAE00BA}"
EndProject
Global
	GlobalSection(SolutionConfigurationPlatforms) = preSolution
		Debug|Any CPU = Debug|Any CPU
		Release|Any CPU = Release|Any CPU
	EndGlobalSection
	GlobalSection(ProjectConfigurationPlatforms) = postSolution
		{1092659C-EA0C-443A-8D8C-35A51EAE00BA}.Debug|Any CPU.ActiveCfg = Debug|Any CPU
		{1092659C-EA0C-443A-8D8C-35A51EAE00BA}.Debug|Any CPU.Build.0 = Debug|Any CPU
		{1092659C-EA0C-443A-8D8C-35A51EAE00BA}.Release|Any CPU.ActiveCfg = Release|Any CPU
		{1092659C-EA0C-443A-8D8C-35A51EAE00BA}.Release|Any CPU.Build.0 = Release|Any CPU
	EndGlobalSection
	GlobalSection(SolutionProperties) = preSolution
		HideSolutionNode = FALSE
	EndGlobalSection
	GlobalSection(ExtensibilityGlobals) = postSolution
		SolutionGuid = {34250E67-2663-4A7A-A23C-B470FAF3F73E}
	EndGlobalSection
EndGlobal
